
Microsoft Visual Studio Solution File, Format Version 11.00
# Visual Studio 2010
Project("{FAE04EC0-301F-11D3-BF4B-00C04F79EFBC}") = "DemonPrincess", "Assembly-CSharp.csproj", "{995AA592-40C8-9C50-1DFE-2F3DBD850F6E}"
EndProject
Project("{FAE04EC0-301F-11D3-BF4B-00C04F79EFBC}") = "DemonPrincess", "Assembly-CSharp-Editor.csproj", "{0843197E-4633-00B8-C727-21FEA01D03FC}"
EndProject
Global
	GlobalSection(SolutionConfigurationPlatforms) = preSolution
		Debug|Any CPU = Debug|Any CPU
		Release|Any CPU = Release|Any CPU
	EndGlobalSection
	GlobalSection(ProjectConfigurationPlatforms) = postSolution
		{995AA592-40C8-9C50-1DFE-2F3DBD850F6E}.Debug|Any CPU.ActiveCfg = Debug|Any CPU
		{995AA592-40C8-9C50-1DFE-2F3DBD850F6E}.Debug|Any CPU.Build.0 = Debug|Any CPU
		{995AA592-40C8-9C50-1DFE-2F3DBD850F6E}.Release|Any CPU.ActiveCfg = Release|Any CPU
		{995AA592-40C8-9C50-1DFE-2F3DBD850F6E}.Release|Any CPU.Build.0 = Release|Any CPU
		{0843197E-4633-00B8-C727-21FEA01D03FC}.Debug|Any CPU.ActiveCfg = Debug|Any CPU
		{0843197E-4633-00B8-C727-21FEA01D03FC}.Debug|Any CPU.Build.0 = Debug|Any CPU
		{0843197E-4633-00B8-C727-21FEA01D03FC}.Release|Any CPU.ActiveCfg = Release|Any CPU
		{0843197E-4633-00B8-C727-21FEA01D03FC}.Release|Any CPU.Build.0 = Release|Any CPU
	EndGlobalSection
	GlobalSection(SolutionProperties) = preSolution
		HideSolutionNode = FALSE
	EndGlobalSection
	GlobalSection(MonoDevelopProperties) = preSolution
		StartupItem = Assembly-CSharp.csproj
	EndGlobalSection
EndGlobal
