
Microsoft Visual Studio Solution File, Format Version 12.00
# Visual Studio 2015
Project("{FAE04EC0-301F-11D3-BF4B-00C04F79EFBC}") = "DemonPrincess.Plugins", "DemonPrincess.Plugins.csproj", "{C79B9BDA-5750-CC4C-6D0E-83EA41D9A335}"
EndProject
Project("{FAE04EC0-301F-11D3-BF4B-00C04F79EFBC}") = "DemonPrincess", "DemonPrincess.csproj", "{83F5EFB0-3AE3-2754-C4D3-4AF1F391ADF4}"
EndProject
Project("{FAE04EC0-301F-11D3-BF4B-00C04F79EFBC}") = "DemonPrincess.Editor.Plugins", "DemonPrincess.Editor.Plugins.csproj", "{D3CB41C9-FD0D-AAB9-3EEA-0C05BDB9D160}"
EndProject
Global
	GlobalSection(SolutionConfigurationPlatforms) = preSolution
		Debug|Any CPU = Debug|Any CPU
		Release|Any CPU = Release|Any CPU
	EndGlobalSection
	GlobalSection(ProjectConfigurationPlatforms) = postSolution
		{C79B9BDA-5750-CC4C-6D0E-83EA41D9A335}.Debug|Any CPU.ActiveCfg = Debug|Any CPU
		{C79B9BDA-5750-CC4C-6D0E-83EA41D9A335}.Debug|Any CPU.Build.0 = Debug|Any CPU
		{C79B9BDA-5750-CC4C-6D0E-83EA41D9A335}.Release|Any CPU.ActiveCfg = Release|Any CPU
		{C79B9BDA-5750-CC4C-6D0E-83EA41D9A335}.Release|Any CPU.Build.0 = Release|Any CPU
		{83F5EFB0-3AE3-2754-C4D3-4AF1F391ADF4}.Debug|Any CPU.ActiveCfg = Debug|Any CPU
		{83F5EFB0-3AE3-2754-C4D3-4AF1F391ADF4}.Debug|Any CPU.Build.0 = Debug|Any CPU
		{83F5EFB0-3AE3-2754-C4D3-4AF1F391ADF4}.Release|Any CPU.ActiveCfg = Release|Any CPU
		{83F5EFB0-3AE3-2754-C4D3-4AF1F391ADF4}.Release|Any CPU.Build.0 = Release|Any CPU
		{D3CB41C9-FD0D-AAB9-3EEA-0C05BDB9D160}.Debug|Any CPU.ActiveCfg = Debug|Any CPU
		{D3CB41C9-FD0D-AAB9-3EEA-0C05BDB9D160}.Debug|Any CPU.Build.0 = Debug|Any CPU
		{D3CB41C9-FD0D-AAB9-3EEA-0C05BDB9D160}.Release|Any CPU.ActiveCfg = Release|Any CPU
		{D3CB41C9-FD0D-AAB9-3EEA-0C05BDB9D160}.Release|Any CPU.Build.0 = Release|Any CPU
	EndGlobalSection
	GlobalSection(SolutionProperties) = preSolution
		HideSolutionNode = FALSE
	EndGlobalSection
EndGlobal
